
Microsoft Visual Studio Solution File, Format Version 12.00
# Visual Studio Version 16
VisualStudioVersion = 16.0.28922.388
MinimumVisualStudioVersion = 10.0.40219.1
Project("{9A19103F-16F7-4668-BE54-9A1E7A4F7556}") = "TemplateMatchDemo", "TemplateMatchDemo.csproj", "{1461E927-FCE7-43B0-ABC2-49F68E800E0C}"
EndProject
Global
	GlobalSection(SolutionConfigurationPlatforms) = preSolution
		Debug|Any CPU = Debug|Any CPU
		Release|Any CPU = Release|Any CPU
	EndGlobalSection
	GlobalSection(ProjectConfigurationPlatforms) = postSolution
		{1461E927-FCE7-43B0-ABC2-49F68E800E0C}.Debug|Any CPU.ActiveCfg = Debug|Any CPU
		{1461E927-FCE7-43B0-ABC2-49F68E800E0C}.Debug|Any CPU.Build.0 = Debug|Any CPU
		{1461E927-FCE7-43B0-ABC2-49F68E800E0C}.Release|Any CPU.ActiveCfg = Release|Any CPU
		{1461E927-FCE7-43B0-ABC2-49F68E800E0C}.Release|Any CPU.Build.0 = Release|Any CPU
	EndGlobalSection
	GlobalSection(SolutionProperties) = preSolution
		HideSolutionNode = FALSE
	EndGlobalSection
	GlobalSection(ExtensibilityGlobals) = postSolution
		SolutionGuid = {AB674EF4-2230-49D7-8AE5-E78CD816AF96}
	EndGlobalSection
EndGlobal
